
Microsoft Visual Studio Solution File, Format Version 12.00
# Visual Studio Version 16
VisualStudioVersion = 16.0.30002.166
MinimumVisualStudioVersion = 10.0.40219.1
Project("{9A19103F-16F7-4668-BE54-9A1E7A4F7556}") = "MPIS.User.Function", "MPIS.User.Function\MPIS.User.Function.csproj", "{CA55FF69-3AC9-4EEE-B3BC-18BEC735432C}"
EndProject
Project("{2150E333-8FDC-42A3-9474-1A3956D46DE8}") = "2 - Infrastructure", "2 - Infrastructure", "{49CB0C57-F067-415A-9276-9A5C0A83D691}"
EndProject
Project("{2150E333-8FDC-42A3-9474-1A3956D46DE8}") = "BBDD", "BBDD", "{58D72B8C-EA54-4EEA-839B-66A2347FE3CA}"
EndProject
Project("{2150E333-8FDC-42A3-9474-1A3956D46DE8}") = "1 - Application Core", "1 - Application Core", "{D3416F98-59B8-4A20-935D-93F0A89E6E3D}"
EndProject
Project("{2150E333-8FDC-42A3-9474-1A3956D46DE8}") = "1.1 -  Domain Model", "1.1 -  Domain Model", "{C8F7C645-8CD2-4C20-9304-4A3DD69B1971}"
EndProject
Project("{2150E333-8FDC-42A3-9474-1A3956D46DE8}") = "1.2 - Domain Services", "1.2 - Domain Services", "{9061F20C-EBA8-40AD-9736-74B4CEB99435}"
EndProject
Project("{2150E333-8FDC-42A3-9474-1A3956D46DE8}") = "1.3 - Application Services", "1.3 - Application Services", "{86CF42A9-0863-4E2D-9EF5-859EBA070D07}"
EndProject
Project("{9A19103F-16F7-4668-BE54-9A1E7A4F7556}") = "MPIS.User.DomainModel", "MPIS.User.DomainModel\MPIS.User.DomainModel.csproj", "{8926C318-4EB0-484E-83B0-B777B4735643}"
EndProject
Project("{2150E333-8FDC-42A3-9474-1A3956D46DE8}") = "0 - Base", "0 - Base", "{A6C39246-ACE3-4825-B84D-42EC5E204084}"
EndProject
Project("{9A19103F-16F7-4668-BE54-9A1E7A4F7556}") = "MPIS.Package.Base", "MPIS.Package.Base\MPIS.Package.Base.csproj", "{EF1F6D67-AA79-4D63-874B-0A7C3F101806}"
EndProject
Project("{9A19103F-16F7-4668-BE54-9A1E7A4F7556}") = "MPIS.Package.Repository", "MPIS.Package.Repository\MPIS.Package.Repository.csproj", "{8FC05EBE-D695-4039-BA07-6C80598AF04C}"
EndProject
Project("{9A19103F-16F7-4668-BE54-9A1E7A4F7556}") = "MPIS.User.Repository", "MPIS.User.Repository\MPIS.User.Repository.csproj", "{82BF63D7-B383-4AFD-AC9A-2FE9B6068FB1}"
EndProject
Project("{9A19103F-16F7-4668-BE54-9A1E7A4F7556}") = "MPIS.User.RepositoryModel", "MPIS.User.RepositoryModel\MPIS.User.RepositoryModel.csproj", "{4E55EEF2-9BA3-4FF8-B170-25A7D2A82A4D}"
EndProject
Project("{2150E333-8FDC-42A3-9474-1A3956D46DE8}") = "AutoMapper", "AutoMapper", "{E1236D35-B414-45A7-AF1C-7C07807B2D36}"
EndProject
Project("{9A19103F-16F7-4668-BE54-9A1E7A4F7556}") = "MPIS.User.AutoMapper", "MPIS.User.AutoMapper\MPIS.User.AutoMapper.csproj", "{946978F3-8D09-48FA-B18E-474910BCD649}"
EndProject
Project("{9A19103F-16F7-4668-BE54-9A1E7A4F7556}") = "MPIS.User.AplicationService.DTOs", "MPIS.User.AplicationService.DTOs\MPIS.User.AplicationService.DTOs.csproj", "{78E8FC7B-36C0-40B3-822F-126FD0B01FE7}"
EndProject
Project("{9A19103F-16F7-4668-BE54-9A1E7A4F7556}") = "MPIS.User.AplicationService", "MPIS.User.AplicationService\MPIS.User.AplicationService.csproj", "{74A77D9F-417B-4C13-8FC0-75703E7881F5}"
EndProject
Project("{2150E333-8FDC-42A3-9474-1A3956D46DE8}") = "HttpMapper", "HttpMapper", "{30C8FD8A-E74F-4EA6-9B41-7D31E24D4C13}"
EndProject
Project("{9A19103F-16F7-4668-BE54-9A1E7A4F7556}") = "MPIS.Package.HttpMapper", "MPIS.Package.HttpMapper\MPIS.Package.HttpMapper.csproj", "{98764D71-7B1E-4BAD-BDDF-7548F3949A84}"
EndProject
Project("{2150E333-8FDC-42A3-9474-1A3956D46DE8}") = "3 - Tests", "3 - Tests", "{2589D0E1-B2CC-4F77-A8A8-9681DCF21029}"
EndProject
Project("{9A19103F-16F7-4668-BE54-9A1E7A4F7556}") = "MPIS.User.Function.Integration.Tests", "MPIS.User.Function.Integration.Tests\MPIS.User.Function.Integration.Tests.csproj", "{39301004-252F-4ABF-B3CF-E56C1AD75823}"
EndProject
Project("{9A19103F-16F7-4668-BE54-9A1E7A4F7556}") = "MPIS.User.Function.Models.Tests", "MPIS.User.Function.Models.Tests\MPIS.User.Function.Models.Tests.csproj", "{14BB8BFB-89E5-495A-B27F-524371A72A1D}"
EndProject
Project("{9A19103F-16F7-4668-BE54-9A1E7A4F7556}") = "MPIS.User.Function.Unit.Tests", "MPIS.User.Function.Unit.Tests\MPIS.User.Function.Unit.Tests.csproj", "{60BB8508-6386-4A9D-A0B2-F4384BC973AA}"
EndProject
Project("{2150E333-8FDC-42A3-9474-1A3956D46DE8}") = "EventGrid", "EventGrid", "{5627D0E2-EB20-4E69-B95C-CCB35E19E1FE}"
EndProject
Project("{2150E333-8FDC-42A3-9474-1A3956D46DE8}") = "Package", "Package", "{DCEE7BD0-5110-40F4-B8B0-7DFBFE982930}"
EndProject
Project("{9A19103F-16F7-4668-BE54-9A1E7A4F7556}") = "MPIS.Package.EventPublisher.AzureEventGrid", "MPIS.Package.EventPublisher.AzureEventGrid\MPIS.Package.EventPublisher.AzureEventGrid.csproj", "{2F206725-D0E6-40FF-81DF-ED5CA7AD0902}"
EndProject
Project("{9A19103F-16F7-4668-BE54-9A1E7A4F7556}") = "MPIS.User.EventGrid", "MPIS.User.EventGrid\MPIS.User.EventGrid.csproj", "{F00A32B2-854D-46EB-8469-40A7C1983BE4}"
EndProject
Project("{2150E333-8FDC-42A3-9474-1A3956D46DE8}") = "FluentValidation", "FluentValidation", "{D9466FE8-3C6F-42AE-A2BC-1B68F20DCE96}"
EndProject
Project("{FAE04EC0-301F-11D3-BF4B-00C04F79EFBC}") = "MPIS.User.FluentValidation", "MPIS.User.FluentValidation\MPIS.User.FluentValidation.csproj", "{71E03E99-F3E4-4534-8B67-1623251E7CAD}"
EndProject
Global
	GlobalSection(SolutionConfigurationPlatforms) = preSolution
		Debug|Any CPU = Debug|Any CPU
		Release|Any CPU = Release|Any CPU
	EndGlobalSection
	GlobalSection(ProjectConfigurationPlatforms) = postSolution
		{CA55FF69-3AC9-4EEE-B3BC-18BEC735432C}.Debug|Any CPU.ActiveCfg = Debug|Any CPU
		{CA55FF69-3AC9-4EEE-B3BC-18BEC735432C}.Debug|Any CPU.Build.0 = Debug|Any CPU
		{CA55FF69-3AC9-4EEE-B3BC-18BEC735432C}.Release|Any CPU.ActiveCfg = Release|Any CPU
		{CA55FF69-3AC9-4EEE-B3BC-18BEC735432C}.Release|Any CPU.Build.0 = Release|Any CPU
		{8926C318-4EB0-484E-83B0-B777B4735643}.Debug|Any CPU.ActiveCfg = Debug|Any CPU
		{8926C318-4EB0-484E-83B0-B777B4735643}.Debug|Any CPU.Build.0 = Debug|Any CPU
		{8926C318-4EB0-484E-83B0-B777B4735643}.Release|Any CPU.ActiveCfg = Release|Any CPU
		{8926C318-4EB0-484E-83B0-B777B4735643}.Release|Any CPU.Build.0 = Release|Any CPU
		{EF1F6D67-AA79-4D63-874B-0A7C3F101806}.Debug|Any CPU.ActiveCfg = Debug|Any CPU
		{EF1F6D67-AA79-4D63-874B-0A7C3F101806}.Debug|Any CPU.Build.0 = Debug|Any CPU
		{EF1F6D67-AA79-4D63-874B-0A7C3F101806}.Release|Any CPU.ActiveCfg = Release|Any CPU
		{EF1F6D67-AA79-4D63-874B-0A7C3F101806}.Release|Any CPU.Build.0 = Release|Any CPU
		{8FC05EBE-D695-4039-BA07-6C80598AF04C}.Debug|Any CPU.ActiveCfg = Debug|Any CPU
		{8FC05EBE-D695-4039-BA07-6C80598AF04C}.Debug|Any CPU.Build.0 = Debug|Any CPU
		{8FC05EBE-D695-4039-BA07-6C80598AF04C}.Release|Any CPU.ActiveCfg = Release|Any CPU
		{8FC05EBE-D695-4039-BA07-6C80598AF04C}.Release|Any CPU.Build.0 = Release|Any CPU
		{82BF63D7-B383-4AFD-AC9A-2FE9B6068FB1}.Debug|Any CPU.ActiveCfg = Debug|Any CPU
		{82BF63D7-B383-4AFD-AC9A-2FE9B6068FB1}.Debug|Any CPU.Build.0 = Debug|Any CPU
		{82BF63D7-B383-4AFD-AC9A-2FE9B6068FB1}.Release|Any CPU.ActiveCfg = Release|Any CPU
		{82BF63D7-B383-4AFD-AC9A-2FE9B6068FB1}.Release|Any CPU.Build.0 = Release|Any CPU
		{4E55EEF2-9BA3-4FF8-B170-25A7D2A82A4D}.Debug|Any CPU.ActiveCfg = Debug|Any CPU
		{4E55EEF2-9BA3-4FF8-B170-25A7D2A82A4D}.Debug|Any CPU.Build.0 = Debug|Any CPU
		{4E55EEF2-9BA3-4FF8-B170-25A7D2A82A4D}.Release|Any CPU.ActiveCfg = Release|Any CPU
		{4E55EEF2-9BA3-4FF8-B170-25A7D2A82A4D}.Release|Any CPU.Build.0 = Release|Any CPU
		{946978F3-8D09-48FA-B18E-474910BCD649}.Debug|Any CPU.ActiveCfg = Debug|Any CPU
		{946978F3-8D09-48FA-B18E-474910BCD649}.Debug|Any CPU.Build.0 = Debug|Any CPU
		{946978F3-8D09-48FA-B18E-474910BCD649}.Release|Any CPU.ActiveCfg = Release|Any CPU
		{946978F3-8D09-48FA-B18E-474910BCD649}.Release|Any CPU.Build.0 = Release|Any CPU
		{78E8FC7B-36C0-40B3-822F-126FD0B01FE7}.Debug|Any CPU.ActiveCfg = Debug|Any CPU
		{78E8FC7B-36C0-40B3-822F-126FD0B01FE7}.Debug|Any CPU.Build.0 = Debug|Any CPU
		{78E8FC7B-36C0-40B3-822F-126FD0B01FE7}.Release|Any CPU.ActiveCfg = Release|Any CPU
		{78E8FC7B-36C0-40B3-822F-126FD0B01FE7}.Release|Any CPU.Build.0 = Release|Any CPU
		{74A77D9F-417B-4C13-8FC0-75703E7881F5}.Debug|Any CPU.ActiveCfg = Debug|Any CPU
		{74A77D9F-417B-4C13-8FC0-75703E7881F5}.Debug|Any CPU.Build.0 = Debug|Any CPU
		{74A77D9F-417B-4C13-8FC0-75703E7881F5}.Release|Any CPU.ActiveCfg = Release|Any CPU
		{74A77D9F-417B-4C13-8FC0-75703E7881F5}.Release|Any CPU.Build.0 = Release|Any CPU
		{98764D71-7B1E-4BAD-BDDF-7548F3949A84}.Debug|Any CPU.ActiveCfg = Debug|Any CPU
		{98764D71-7B1E-4BAD-BDDF-7548F3949A84}.Debug|Any CPU.Build.0 = Debug|Any CPU
		{98764D71-7B1E-4BAD-BDDF-7548F3949A84}.Release|Any CPU.ActiveCfg = Release|Any CPU
		{98764D71-7B1E-4BAD-BDDF-7548F3949A84}.Release|Any CPU.Build.0 = Release|Any CPU
		{39301004-252F-4ABF-B3CF-E56C1AD75823}.Debug|Any CPU.ActiveCfg = Debug|Any CPU
		{39301004-252F-4ABF-B3CF-E56C1AD75823}.Debug|Any CPU.Build.0 = Debug|Any CPU
		{39301004-252F-4ABF-B3CF-E56C1AD75823}.Release|Any CPU.ActiveCfg = Release|Any CPU
		{39301004-252F-4ABF-B3CF-E56C1AD75823}.Release|Any CPU.Build.0 = Release|Any CPU
		{14BB8BFB-89E5-495A-B27F-524371A72A1D}.Debug|Any CPU.ActiveCfg = Debug|Any CPU
		{14BB8BFB-89E5-495A-B27F-524371A72A1D}.Debug|Any CPU.Build.0 = Debug|Any CPU
		{14BB8BFB-89E5-495A-B27F-524371A72A1D}.Release|Any CPU.ActiveCfg = Release|Any CPU
		{14BB8BFB-89E5-495A-B27F-524371A72A1D}.Release|Any CPU.Build.0 = Release|Any CPU
		{60BB8508-6386-4A9D-A0B2-F4384BC973AA}.Debug|Any CPU.ActiveCfg = Debug|Any CPU
		{60BB8508-6386-4A9D-A0B2-F4384BC973AA}.Debug|Any CPU.Build.0 = Debug|Any CPU
		{60BB8508-6386-4A9D-A0B2-F4384BC973AA}.Release|Any CPU.ActiveCfg = Release|Any CPU
		{60BB8508-6386-4A9D-A0B2-F4384BC973AA}.Release|Any CPU.Build.0 = Release|Any CPU
		{2F206725-D0E6-40FF-81DF-ED5CA7AD0902}.Debug|Any CPU.ActiveCfg = Debug|Any CPU
		{2F206725-D0E6-40FF-81DF-ED5CA7AD0902}.Debug|Any CPU.Build.0 = Debug|Any CPU
		{2F206725-D0E6-40FF-81DF-ED5CA7AD0902}.Release|Any CPU.ActiveCfg = Release|Any CPU
		{2F206725-D0E6-40FF-81DF-ED5CA7AD0902}.Release|Any CPU.Build.0 = Release|Any CPU
		{F00A32B2-854D-46EB-8469-40A7C1983BE4}.Debug|Any CPU.ActiveCfg = Debug|Any CPU
		{F00A32B2-854D-46EB-8469-40A7C1983BE4}.Debug|Any CPU.Build.0 = Debug|Any CPU
		{F00A32B2-854D-46EB-8469-40A7C1983BE4}.Release|Any CPU.ActiveCfg = Release|Any CPU
		{F00A32B2-854D-46EB-8469-40A7C1983BE4}.Release|Any CPU.Build.0 = Release|Any CPU
		{71E03E99-F3E4-4534-8B67-1623251E7CAD}.Debug|Any CPU.ActiveCfg = Debug|Any CPU
		{71E03E99-F3E4-4534-8B67-1623251E7CAD}.Debug|Any CPU.Build.0 = Debug|Any CPU
		{71E03E99-F3E4-4534-8B67-1623251E7CAD}.Release|Any CPU.ActiveCfg = Release|Any CPU
		{71E03E99-F3E4-4534-8B67-1623251E7CAD}.Release|Any CPU.Build.0 = Release|Any CPU
	EndGlobalSection
	GlobalSection(SolutionProperties) = preSolution
		HideSolutionNode = FALSE
	EndGlobalSection
	GlobalSection(NestedProjects) = preSolution
		{58D72B8C-EA54-4EEA-839B-66A2347FE3CA} = {49CB0C57-F067-415A-9276-9A5C0A83D691}
		{C8F7C645-8CD2-4C20-9304-4A3DD69B1971} = {D3416F98-59B8-4A20-935D-93F0A89E6E3D}
		{9061F20C-EBA8-40AD-9736-74B4CEB99435} = {D3416F98-59B8-4A20-935D-93F0A89E6E3D}
		{86CF42A9-0863-4E2D-9EF5-859EBA070D07} = {D3416F98-59B8-4A20-935D-93F0A89E6E3D}
		{8926C318-4EB0-484E-83B0-B777B4735643} = {C8F7C645-8CD2-4C20-9304-4A3DD69B1971}
		{EF1F6D67-AA79-4D63-874B-0A7C3F101806} = {A6C39246-ACE3-4825-B84D-42EC5E204084}
		{8FC05EBE-D695-4039-BA07-6C80598AF04C} = {58D72B8C-EA54-4EEA-839B-66A2347FE3CA}
		{82BF63D7-B383-4AFD-AC9A-2FE9B6068FB1} = {58D72B8C-EA54-4EEA-839B-66A2347FE3CA}
		{4E55EEF2-9BA3-4FF8-B170-25A7D2A82A4D} = {58D72B8C-EA54-4EEA-839B-66A2347FE3CA}
		{E1236D35-B414-45A7-AF1C-7C07807B2D36} = {49CB0C57-F067-415A-9276-9A5C0A83D691}
		{946978F3-8D09-48FA-B18E-474910BCD649} = {E1236D35-B414-45A7-AF1C-7C07807B2D36}
		{78E8FC7B-36C0-40B3-822F-126FD0B01FE7} = {86CF42A9-0863-4E2D-9EF5-859EBA070D07}
		{74A77D9F-417B-4C13-8FC0-75703E7881F5} = {86CF42A9-0863-4E2D-9EF5-859EBA070D07}
		{30C8FD8A-E74F-4EA6-9B41-7D31E24D4C13} = {49CB0C57-F067-415A-9276-9A5C0A83D691}
		{98764D71-7B1E-4BAD-BDDF-7548F3949A84} = {30C8FD8A-E74F-4EA6-9B41-7D31E24D4C13}
		{39301004-252F-4ABF-B3CF-E56C1AD75823} = {2589D0E1-B2CC-4F77-A8A8-9681DCF21029}
		{14BB8BFB-89E5-495A-B27F-524371A72A1D} = {2589D0E1-B2CC-4F77-A8A8-9681DCF21029}
		{60BB8508-6386-4A9D-A0B2-F4384BC973AA} = {2589D0E1-B2CC-4F77-A8A8-9681DCF21029}
		{5627D0E2-EB20-4E69-B95C-CCB35E19E1FE} = {49CB0C57-F067-415A-9276-9A5C0A83D691}
		{DCEE7BD0-5110-40F4-B8B0-7DFBFE982930} = {5627D0E2-EB20-4E69-B95C-CCB35E19E1FE}
		{2F206725-D0E6-40FF-81DF-ED5CA7AD0902} = {DCEE7BD0-5110-40F4-B8B0-7DFBFE982930}
		{F00A32B2-854D-46EB-8469-40A7C1983BE4} = {5627D0E2-EB20-4E69-B95C-CCB35E19E1FE}
		{D9466FE8-3C6F-42AE-A2BC-1B68F20DCE96} = {49CB0C57-F067-415A-9276-9A5C0A83D691}
		{71E03E99-F3E4-4534-8B67-1623251E7CAD} = {D9466FE8-3C6F-42AE-A2BC-1B68F20DCE96}
	EndGlobalSection
	GlobalSection(ExtensibilityGlobals) = postSolution
		SolutionGuid = {83011124-6032-4B7D-A89B-C34DF46DB0BE}
	EndGlobalSection
EndGlobal
